
Microsoft Visual Studio Solution File, Format Version 12.00
# Visual Studio Version 16
VisualStudioVersion = 16.0.33130.400
MinimumVisualStudioVersion = 10.0.40219.1
Project("{FAE04EC0-301F-11D3-BF4B-00C04F79EFBC}") = "Calculator", "Calculator\Calculator.csproj", "{54849574-6FD8-4964-86E3-DAD59753A48E}"
EndProject
Global
	GlobalSection(SolutionConfigurationPlatforms) = preSolution
		Debug|Any CPU = Debug|Any CPU
		Release|Any CPU = Release|Any CPU
	EndGlobalSection
	GlobalSection(ProjectConfigurationPlatforms) = postSolution
		{54849574-6FD8-4964-86E3-DAD59753A48E}.Debug|Any CPU.ActiveCfg = Debug|Any CPU
		{54849574-6FD8-4964-86E3-DAD59753A48E}.Debug|Any CPU.Build.0 = Debug|Any CPU
		{54849574-6FD8-4964-86E3-DAD59753A48E}.Release|Any CPU.ActiveCfg = Release|Any CPU
		{54849574-6FD8-4964-86E3-DAD59753A48E}.Release|Any CPU.Build.0 = Release|Any CPU
	EndGlobalSection
	GlobalSection(SolutionProperties) = preSolution
		HideSolutionNode = FALSE
	EndGlobalSection
	GlobalSection(ExtensibilityGlobals) = postSolution
		SolutionGuid = {A5F4C698-8FDE-456C-983F-7F2EA2C04B1E}
	EndGlobalSection
EndGlobal
